
Microsoft Visual Studio Solution File, Format Version 12.00
# Visual Studio Version 16
VisualStudioVersion = 16.0.30413.136
MinimumVisualStudioVersion = 10.0.40219.1
Project("{9A19103F-16F7-4668-BE54-9A1E7A4F7556}") = "DevBoost.DroneDelivery.Infrastructure", "DevBoost.DroneDelivery.Repository\DevBoost.DroneDelivery.Infrastructure.csproj", "{8EB695E3-399A-46F6-B8BF-A57B6BC03F86}"
EndProject
Project("{2150E333-8FDC-42A3-9474-1A3956D46DE8}") = "0 - Presentation", "0 - Presentation", "{8603D09F-74A0-4ECD-9A63-D3BB5259E3CC}"
EndProject
Project("{2150E333-8FDC-42A3-9474-1A3956D46DE8}") = "1 - Application", "1 - Application", "{26E084C8-A857-48A0-9FAC-5CCF7CE97F35}"
EndProject
Project("{2150E333-8FDC-42A3-9474-1A3956D46DE8}") = "2 - Domain", "2 - Domain", "{1C9FCAC7-66CC-4D5D-AAE0-BF5A920D4CBF}"
EndProject
Project("{2150E333-8FDC-42A3-9474-1A3956D46DE8}") = "4 - Tests", "4 - Tests", "{E9B7C9DD-4ECD-4BF1-9047-590DFECF3776}"
EndProject
Project("{2150E333-8FDC-42A3-9474-1A3956D46DE8}") = "3 - Infrastructure", "3 - Infrastructure", "{636C3A7F-DC81-47AC-97BC-169D49718CFD}"
EndProject
Project("{9A19103F-16F7-4668-BE54-9A1E7A4F7556}") = "DevBoost.DroneDelivery.API", "DevBoost.DroneDelivery.API\DevBoost.DroneDelivery.API.csproj", "{9A266EE8-DA7F-44D1-8C33-61C48835C24C}"
EndProject
Project("{9A19103F-16F7-4668-BE54-9A1E7A4F7556}") = "DevBoost.DroneDelivery.Application", "DevBoost.DroneDelivery.Application\DevBoost.DroneDelivery.Application.csproj", "{CE1A1B70-BD03-4FE1-89B9-4817AA485924}"
EndProject
Project("{9A19103F-16F7-4668-BE54-9A1E7A4F7556}") = "DevBoost.DroneDelivery.Domain", "DevBoost.DroneDelivery.Domain\DevBoost.DroneDelivery.Domain.csproj", "{682E98D3-8BE6-47EC-9EA6-D993D56341AD}"
EndProject
Project("{9A19103F-16F7-4668-BE54-9A1E7A4F7556}") = "DevBoost.DroneDelivery.Test", "tests\DevBoost.dronedelivery.test\DevBoost.DroneDelivery.Test.csproj", "{001A5C45-9D87-4A3E-9FCB-A4611C18FAF2}"
EndProject
Global
	GlobalSection(SolutionConfigurationPlatforms) = preSolution
		Debug|Any CPU = Debug|Any CPU
		Release|Any CPU = Release|Any CPU
	EndGlobalSection
	GlobalSection(ProjectConfigurationPlatforms) = postSolution
		{8EB695E3-399A-46F6-B8BF-A57B6BC03F86}.Debug|Any CPU.ActiveCfg = Debug|Any CPU
		{8EB695E3-399A-46F6-B8BF-A57B6BC03F86}.Debug|Any CPU.Build.0 = Debug|Any CPU
		{8EB695E3-399A-46F6-B8BF-A57B6BC03F86}.Release|Any CPU.ActiveCfg = Release|Any CPU
		{8EB695E3-399A-46F6-B8BF-A57B6BC03F86}.Release|Any CPU.Build.0 = Release|Any CPU
		{9A266EE8-DA7F-44D1-8C33-61C48835C24C}.Debug|Any CPU.ActiveCfg = Debug|Any CPU
		{9A266EE8-DA7F-44D1-8C33-61C48835C24C}.Debug|Any CPU.Build.0 = Debug|Any CPU
		{9A266EE8-DA7F-44D1-8C33-61C48835C24C}.Release|Any CPU.ActiveCfg = Release|Any CPU
		{9A266EE8-DA7F-44D1-8C33-61C48835C24C}.Release|Any CPU.Build.0 = Release|Any CPU
		{CE1A1B70-BD03-4FE1-89B9-4817AA485924}.Debug|Any CPU.ActiveCfg = Debug|Any CPU
		{CE1A1B70-BD03-4FE1-89B9-4817AA485924}.Debug|Any CPU.Build.0 = Debug|Any CPU
		{CE1A1B70-BD03-4FE1-89B9-4817AA485924}.Release|Any CPU.ActiveCfg = Release|Any CPU
		{CE1A1B70-BD03-4FE1-89B9-4817AA485924}.Release|Any CPU.Build.0 = Release|Any CPU
		{682E98D3-8BE6-47EC-9EA6-D993D56341AD}.Debug|Any CPU.ActiveCfg = Debug|Any CPU
		{682E98D3-8BE6-47EC-9EA6-D993D56341AD}.Debug|Any CPU.Build.0 = Debug|Any CPU
		{682E98D3-8BE6-47EC-9EA6-D993D56341AD}.Release|Any CPU.ActiveCfg = Release|Any CPU
		{682E98D3-8BE6-47EC-9EA6-D993D56341AD}.Release|Any CPU.Build.0 = Release|Any CPU
		{001A5C45-9D87-4A3E-9FCB-A4611C18FAF2}.Debug|Any CPU.ActiveCfg = Debug|Any CPU
		{001A5C45-9D87-4A3E-9FCB-A4611C18FAF2}.Debug|Any CPU.Build.0 = Debug|Any CPU
		{001A5C45-9D87-4A3E-9FCB-A4611C18FAF2}.Release|Any CPU.ActiveCfg = Release|Any CPU
		{001A5C45-9D87-4A3E-9FCB-A4611C18FAF2}.Release|Any CPU.Build.0 = Release|Any CPU
	EndGlobalSection
	GlobalSection(SolutionProperties) = preSolution
		HideSolutionNode = FALSE
	EndGlobalSection
	GlobalSection(NestedProjects) = preSolution
		{8EB695E3-399A-46F6-B8BF-A57B6BC03F86} = {636C3A7F-DC81-47AC-97BC-169D49718CFD}
		{9A266EE8-DA7F-44D1-8C33-61C48835C24C} = {8603D09F-74A0-4ECD-9A63-D3BB5259E3CC}
		{CE1A1B70-BD03-4FE1-89B9-4817AA485924} = {26E084C8-A857-48A0-9FAC-5CCF7CE97F35}
		{682E98D3-8BE6-47EC-9EA6-D993D56341AD} = {1C9FCAC7-66CC-4D5D-AAE0-BF5A920D4CBF}
		{001A5C45-9D87-4A3E-9FCB-A4611C18FAF2} = {E9B7C9DD-4ECD-4BF1-9047-590DFECF3776}
	EndGlobalSection
	GlobalSection(ExtensibilityGlobals) = postSolution
		SolutionGuid = {E631AD36-6ABF-4B5C-B7A1-C65703E11C4B}
	EndGlobalSection
EndGlobal
