
Microsoft Visual Studio Solution File, Format Version 12.00
# Visual Studio Version 16
VisualStudioVersion = 16.0.30011.22
MinimumVisualStudioVersion = 10.0.40219.1
Project("{FAE04EC0-301F-11D3-BF4B-00C04F79EFBC}") = "DevBoost.DroneDelivery.Worker", "DevBoost.DroneDelivery.Worker\DevBoost.DroneDelivery.Worker.csproj", "{A3162402-7373-49A2-9E5A-35146ADCFFBA}"
EndProject
Global
	GlobalSection(SolutionConfigurationPlatforms) = preSolution
		Debug|Any CPU = Debug|Any CPU
		Release|Any CPU = Release|Any CPU
	EndGlobalSection
	GlobalSection(ProjectConfigurationPlatforms) = postSolution
		{A3162402-7373-49A2-9E5A-35146ADCFFBA}.Debug|Any CPU.ActiveCfg = Debug|Any CPU
		{A3162402-7373-49A2-9E5A-35146ADCFFBA}.Debug|Any CPU.Build.0 = Debug|Any CPU
		{A3162402-7373-49A2-9E5A-35146ADCFFBA}.Release|Any CPU.ActiveCfg = Release|Any CPU
		{A3162402-7373-49A2-9E5A-35146ADCFFBA}.Release|Any CPU.Build.0 = Release|Any CPU
	EndGlobalSection
	GlobalSection(SolutionProperties) = preSolution
		HideSolutionNode = FALSE
	EndGlobalSection
	GlobalSection(ExtensibilityGlobals) = postSolution
		SolutionGuid = {4EBBD97B-4DB1-42E7-BC11-3B3CAE57D926}
	EndGlobalSection
EndGlobal
